{
    "_readme": [
        "This file locks the dependencies of your project to a known state",
        "Read more about it at https://getcomposer.org/doc/01-basic-usage.md#composer-lock-the-lock-file",
        "This file is @generated automatically"
    ],
    "hash": "ffc1c08dc8fdcbc9dd3e5ffd6b00cb0e",
    "content-hash": "50233b5520d037b0dda36c77de477112",
    "packages": [
        {
            "name": "zendframework/zend-json",
            "version": "2.6.1",
            "source": {
                "type": "git",
                "url": "https://github.com/zendframework/zend-json.git",
                "reference": "4c8705dbe4ad7d7e51b2876c5b9eea0ef916ba28"
            },
            "dist": {
                "type": "zip",
                "url": "https://api.github.com/repos/zendframework/zend-json/zipball/4c8705dbe4ad7d7e51b2876c5b9eea0ef916ba28",
                "reference": "4c8705dbe4ad7d7e51b2876c5b9eea0ef916ba28",
                "shasum": ""
            },
            "require": {
                "php": "^5.5 || ^7.0"
            },
            "require-dev": {
                "fabpot/php-cs-fixer": "1.7.*",
                "phpunit/phpunit": "~4.0",
                "zendframework/zend-http": "^2.5.4",
                "zendframework/zend-server": "^2.6.1",
                "zendframework/zend-stdlib": "^2.5 || ^3.0",
                "zendframework/zendxml": "^1.0.2"
            },
            "suggest": {
                "zendframework/zend-http": "Zend\\Http component, required to use Zend\\Json\\Server",
                "zendframework/zend-server": "Zend\\Server component, required to use Zend\\Json\\Server",
                "zendframework/zend-stdlib": "Zend\\Stdlib component, for use with caching Zend\\Json\\Server responses",
                "zendframework/zendxml": "To support Zend\\Json\\Json::fromXml() usage"
            },
            "type": "library",
            "extra": {
                "branch-alias": {
                    "dev-master": "2.6-dev",
                    "dev-develop": "2.7-dev"
                }
            },
            "autoload": {
                "psr-4": {
                    "Zend\\Json\\": "src/"
                }
            },
            "notification-url": "https://packagist.org/downloads/",
            "license": [
                "BSD-3-Clause"
            ],
            "description": "provides convenience methods for serializing native PHP to JSON and decoding JSON to native PHP",
            "homepage": "https://github.com/zendframework/zend-json",
            "keywords": [
                "json",
                "zf2"
            ],
            "time": "2016-02-04 21:20:26"
        },
        {
            "name": "zendframework/zend-version",
            "version": "2.5.1",
            "source": {
                "type": "git",
                "url": "https://github.com/zendframework/zend-version.git",
                "reference": "e30c55dc394eaf396f0347887af0a7bef471fe08"
            },
            "dist": {
                "type": "zip",
                "url": "https://api.github.com/repos/zendframework/zend-version/zipball/e30c55dc394eaf396f0347887af0a7bef471fe08",
                "reference": "e30c55dc394eaf396f0347887af0a7bef471fe08",
                "shasum": ""
            },
            "require": {
                "php": ">=5.3.23",
                "zendframework/zend-json": "~2.5"
            },
            "require-dev": {
                "fabpot/php-cs-fixer": "1.7.*",
                "phpunit/phpunit": "~4.0",
                "zendframework/zend-http": "~2.5"
            },
            "suggest": {
                "zendframework/zend-http": "Allows use of Zend\\Http\\Client to check version information",
                "zendframework/zend-json": "To check latest version hosted in GitHub"
            },
            "type": "library",
            "extra": {
                "branch-alias": {
                    "dev-master": "2.5-dev",
                    "dev-develop": "2.6-dev"
                }
            },
            "autoload": {
                "psr-4": {
                    "Zend\\Version\\": "src/"
                }
            },
            "notification-url": "https://packagist.org/downloads/",
            "license": [
                "BSD-3-Clause"
            ],
            "homepage": "https://github.com/zendframework/zend-version",
            "keywords": [
                "version",
                "zf2"
            ],
            "time": "2015-06-04 15:41:05"
        }
    ],
    "packages-dev": [],
    "aliases": [],
    "minimum-stability": "stable",
    "stability-flags": [],
    "prefer-stable": false,
    "prefer-lowest": false,
    "platform": {
        "php": "^7.0"
    },
    "platform-dev": []
}
